
Microsoft Visual Studio Solution File, Format Version 12.00
# Visual Studio 15
VisualStudioVersion = 15.0.26730.16
MinimumVisualStudioVersion = 10.0.40219.1
Project("{FAE04EC0-301F-11D3-BF4B-00C04F79EFBC}") = "Verification", "Verification\Verification.csproj", "{A65E69B9-6655-455F-A923-6AB9C64E570A}"
EndProject
Global
	GlobalSection(SolutionConfigurationPlatforms) = preSolution
		Debug|Any CPU = Debug|Any CPU
		Release|Any CPU = Release|Any CPU
	EndGlobalSection
	GlobalSection(ProjectConfigurationPlatforms) = postSolution
		{A65E69B9-6655-455F-A923-6AB9C64E570A}.Debug|Any CPU.ActiveCfg = Debug|Any CPU
		{A65E69B9-6655-455F-A923-6AB9C64E570A}.Debug|Any CPU.Build.0 = Debug|Any CPU
		{A65E69B9-6655-455F-A923-6AB9C64E570A}.Release|Any CPU.ActiveCfg = Release|Any CPU
		{A65E69B9-6655-455F-A923-6AB9C64E570A}.Release|Any CPU.Build.0 = Release|Any CPU
	EndGlobalSection
	GlobalSection(SolutionProperties) = preSolution
		HideSolutionNode = FALSE
	EndGlobalSection
	GlobalSection(ExtensibilityGlobals) = postSolution
		SolutionGuid = {B9FD1314-1963-427A-9A05-C1BCEE540E6C}
	EndGlobalSection
EndGlobal
