
Microsoft Visual Studio Solution File, Format Version 12.00
# Visual Studio 15
VisualStudioVersion = 15.0.27130.2024
MinimumVisualStudioVersion = 10.0.40219.1
Project("{FAE04EC0-301F-11D3-BF4B-00C04F79EFBC}") = "SEM2EX1", "SEM2EX1\SEM2EX1.csproj", "{AA5EFF63-31B2-4B05-9BEF-BD99C0E2E0A0}"
EndProject
Global
	GlobalSection(SolutionConfigurationPlatforms) = preSolution
		Debug|Any CPU = Debug|Any CPU
		Release|Any CPU = Release|Any CPU
	EndGlobalSection
	GlobalSection(ProjectConfigurationPlatforms) = postSolution
		{AA5EFF63-31B2-4B05-9BEF-BD99C0E2E0A0}.Debug|Any CPU.ActiveCfg = Debug|Any CPU
		{AA5EFF63-31B2-4B05-9BEF-BD99C0E2E0A0}.Debug|Any CPU.Build.0 = Debug|Any CPU
		{AA5EFF63-31B2-4B05-9BEF-BD99C0E2E0A0}.Release|Any CPU.ActiveCfg = Release|Any CPU
		{AA5EFF63-31B2-4B05-9BEF-BD99C0E2E0A0}.Release|Any CPU.Build.0 = Release|Any CPU
	EndGlobalSection
	GlobalSection(SolutionProperties) = preSolution
		HideSolutionNode = FALSE
	EndGlobalSection
	GlobalSection(ExtensibilityGlobals) = postSolution
		SolutionGuid = {5BE2F748-518F-42C8-A4DF-8A8BE3619EBC}
	EndGlobalSection
EndGlobal
