
Microsoft Visual Studio Solution File, Format Version 12.00
# Visual Studio 15
VisualStudioVersion = 15.0.26730.16
MinimumVisualStudioVersion = 10.0.40219.1
Project("{FAE04EC0-301F-11D3-BF4B-00C04F79EFBC}") = "RetirementPlanner", "RetirementPlanner\RetirementPlanner.csproj", "{EBD1D4FE-C8FC-455E-8F1A-297FDA8CEADE}"
EndProject
Global
	GlobalSection(SolutionConfigurationPlatforms) = preSolution
		Debug|Any CPU = Debug|Any CPU
		Release|Any CPU = Release|Any CPU
	EndGlobalSection
	GlobalSection(ProjectConfigurationPlatforms) = postSolution
		{EBD1D4FE-C8FC-455E-8F1A-297FDA8CEADE}.Debug|Any CPU.ActiveCfg = Debug|Any CPU
		{EBD1D4FE-C8FC-455E-8F1A-297FDA8CEADE}.Debug|Any CPU.Build.0 = Debug|Any CPU
		{EBD1D4FE-C8FC-455E-8F1A-297FDA8CEADE}.Release|Any CPU.ActiveCfg = Release|Any CPU
		{EBD1D4FE-C8FC-455E-8F1A-297FDA8CEADE}.Release|Any CPU.Build.0 = Release|Any CPU
	EndGlobalSection
	GlobalSection(SolutionProperties) = preSolution
		HideSolutionNode = FALSE
	EndGlobalSection
	GlobalSection(ExtensibilityGlobals) = postSolution
		SolutionGuid = {CD8790E9-A04D-4293-AECF-B43EE2282696}
	EndGlobalSection
EndGlobal
